
Microsoft Visual Studio Solution File, Format Version 12.00
# Visual Studio Version 16
VisualStudioVersion = 16.0.29424.173
MinimumVisualStudioVersion = 10.0.40219.1
Project("{FAE04EC0-301F-11D3-BF4B-00C04F79EFBC}") = "TicTacToeGDI", "GDI1\TicTacToeGDI.csproj", "{66DFFE49-EE8C-4F3B-AAAE-08AA82D8116C}"
EndProject
Global
	GlobalSection(SolutionConfigurationPlatforms) = preSolution
		Debug|Any CPU = Debug|Any CPU
		Release|Any CPU = Release|Any CPU
	EndGlobalSection
	GlobalSection(ProjectConfigurationPlatforms) = postSolution
		{66DFFE49-EE8C-4F3B-AAAE-08AA82D8116C}.Debug|Any CPU.ActiveCfg = Debug|Any CPU
		{66DFFE49-EE8C-4F3B-AAAE-08AA82D8116C}.Debug|Any CPU.Build.0 = Debug|Any CPU
		{66DFFE49-EE8C-4F3B-AAAE-08AA82D8116C}.Release|Any CPU.ActiveCfg = Release|Any CPU
		{66DFFE49-EE8C-4F3B-AAAE-08AA82D8116C}.Release|Any CPU.Build.0 = Release|Any CPU
	EndGlobalSection
	GlobalSection(SolutionProperties) = preSolution
		HideSolutionNode = FALSE
	EndGlobalSection
	GlobalSection(ExtensibilityGlobals) = postSolution
		SolutionGuid = {15AF3AD1-6681-4BF2-BDA6-DB0009A29763}
	EndGlobalSection
EndGlobal
